
Microsoft Visual Studio Solution File, Format Version 12.00
# Visual Studio Version 17
VisualStudioVersion = 17.9.34728.123
MinimumVisualStudioVersion = 10.0.40219.1
Project("{FAE04EC0-301F-11D3-BF4B-00C04F79EFBC}") = "PzOOOP13", "PzOOOP13\PzOOOP13.csproj", "{0213B9B0-92F9-4065-B0EB-4B2999C5C474}"
EndProject
Global
	GlobalSection(SolutionConfigurationPlatforms) = preSolution
		Debug|Any CPU = Debug|Any CPU
		Release|Any CPU = Release|Any CPU
	EndGlobalSection
	GlobalSection(ProjectConfigurationPlatforms) = postSolution
		{0213B9B0-92F9-4065-B0EB-4B2999C5C474}.Debug|Any CPU.ActiveCfg = Debug|Any CPU
		{0213B9B0-92F9-4065-B0EB-4B2999C5C474}.Debug|Any CPU.Build.0 = Debug|Any CPU
		{0213B9B0-92F9-4065-B0EB-4B2999C5C474}.Release|Any CPU.ActiveCfg = Release|Any CPU
		{0213B9B0-92F9-4065-B0EB-4B2999C5C474}.Release|Any CPU.Build.0 = Release|Any CPU
	EndGlobalSection
	GlobalSection(SolutionProperties) = preSolution
		HideSolutionNode = FALSE
	EndGlobalSection
	GlobalSection(ExtensibilityGlobals) = postSolution
		SolutionGuid = {8C5E242B-5BCA-4BF7-A3B7-8C5ED76C60CB}
	EndGlobalSection
EndGlobal
